// !$*UTF8*$!
{
	archiveVersion = 1;
	classes = {
	};
	objectVersion = 50;
	objects = {

/* Begin PBXBuildFile section */
		846D862F23A022A50048502E /* AppDelegate.swift in Sources */ = {isa = PBXBuildFile; fileRef = 846D862E23A022A50048502E /* AppDelegate.swift */; };
		846D863123A022A50048502E /* SceneDelegate.swift in Sources */ = {isa = PBXBuildFile; fileRef = 846D863023A022A50048502E /* SceneDelegate.swift */; };
		846D863423A022A50048502E /* Landrover.xcdatamodeld in Sources */ = {isa = PBXBuildFile; fileRef = 846D863223A022A50048502E /* Landrover.xcdatamodeld */; };
		846D863623A022A50048502E /* ContentView.swift in Sources */ = {isa = PBXBuildFile; fileRef = 846D863523A022A50048502E /* ContentView.swift */; };
		846D863823A022A90048502E /* Assets.xcassets in Resources */ = {isa = PBXBuildFile; fileRef = 846D863723A022A90048502E /* Assets.xcassets */; };
		846D863B23A022A90048502E /* Preview Assets.xcassets in Resources */ = {isa = PBXBuildFile; fileRef = 846D863A23A022A90048502E /* Preview Assets.xcassets */; };
		846D863E23A022A90048502E /* LaunchScreen.storyboard in Resources */ = {isa = PBXBuildFile; fileRef = 846D863C23A022A90048502E /* LaunchScreen.storyboard */; };
		846D864923A022A90048502E /* LandroverTests.swift in Sources */ = {isa = PBXBuildFile; fileRef = 846D864823A022A90048502E /* LandroverTests.swift */; };
		846D865423A022A90048502E /* LandroverUITests.swift in Sources */ = {isa = PBXBuildFile; fileRef = 846D865323A022A90048502E /* LandroverUITests.swift */; };
		846D866223A026690048502E /* roverdb.json in Resources */ = {isa = PBXBuildFile; fileRef = 846D866123A026690048502E /* roverdb.json */; };
		846D866423A027CE0048502E /* Data.swift in Sources */ = {isa = PBXBuildFile; fileRef = 846D866323A027CE0048502E /* Data.swift */; };
		84D79B1823A965C7001AD407 /* Rover.swift in Sources */ = {isa = PBXBuildFile; fileRef = 84D79B1723A965C7001AD407 /* Rover.swift */; };
		84D79B1A23A96ACD001AD407 /* Car.swift in Sources */ = {isa = PBXBuildFile; fileRef = 84D79B1923A96ACD001AD407 /* Car.swift */; };
/* End PBXBuildFile section */

/* Begin PBXContainerItemProxy section */
		846D864523A022A90048502E /* PBXContainerItemProxy */ = {
			isa = PBXContainerItemProxy;
			containerPortal = 846D862323A022A50048502E /* Project object */;
			proxyType = 1;
			remoteGlobalIDString = 846D862A23A022A50048502E;
			remoteInfo = Landrover;
		};
		846D865023A022A90048502E /* PBXContainerItemProxy */ = {
			isa = PBXContainerItemProxy;
			containerPortal = 846D862323A022A50048502E /* Project object */;
			proxyType = 1;
			remoteGlobalIDString = 846D862A23A022A50048502E;
			remoteInfo = Landrover;
		};
/* End PBXContainerItemProxy section */

/* Begin PBXFileReference section */
		846D862B23A022A50048502E /* Landrover.app */ = {isa = PBXFileReference; explicitFileType = wrapper.application; includeInIndex = 0; path = Landrover.app; sourceTree = BUILT_PRODUCTS_DIR; };
		846D862E23A022A50048502E /* AppDelegate.swift */ = {isa = PBXFileReference; lastKnownFileType = sourcecode.swift; path = AppDelegate.swift; sourceTree = "<group>"; };
		846D863023A022A50048502E /* SceneDelegate.swift */ = {isa = PBXFileReference; lastKnownFileType = sourcecode.swift; path = SceneDelegate.swift; sourceTree = "<group>"; };
		846D863323A022A50048502E /* Landrover.xcdatamodel */ = {isa = PBXFileReference; lastKnownFileType = wrapper.xcdatamodel; path = Landrover.xcdatamodel; sourceTree = "<group>"; };
		846D863523A022A50048502E /* ContentView.swift */ = {isa = PBXFileReference; lastKnownFileType = sourcecode.swift; path = ContentView.swift; sourceTree = "<group>"; };
		846D863723A022A90048502E /* Assets.xcassets */ = {isa = PBXFileReference; lastKnownFileType = folder.assetcatalog; path = Assets.xcassets; sourceTree = "<group>"; };
		846D863A23A022A90048502E /* Preview Assets.xcassets */ = {isa = PBXFileReference; lastKnownFileType = folder.assetcatalog; path = "Preview Assets.xcassets"; sourceTree = "<group>"; };
		846D863D23A022A90048502E /* Base */ = {isa = PBXFileReference; lastKnownFileType = file.storyboard; name = Base; path = Base.lproj/LaunchScreen.storyboard; sourceTree = "<group>"; };
		846D863F23A022A90048502E /* Info.plist */ = {isa = PBXFileReference; lastKnownFileType = text.plist.xml; path = Info.plist; sourceTree = "<group>"; };
		846D864423A022A90048502E /* LandroverTests.xctest */ = {isa = PBXFileReference; explicitFileType = wrapper.cfbundle; includeInIndex = 0; path = LandroverTests.xctest; sourceTree = BUILT_PRODUCTS_DIR; };
		846D864823A022A90048502E /* LandroverTests.swift */ = {isa = PBXFileReference; lastKnownFileType = sourcecode.swift; path = LandroverTests.swift; sourceTree = "<group>"; };
		846D864A23A022A90048502E /* Info.plist */ = {isa = PBXFileReference; lastKnownFileType = text.plist.xml; path = Info.plist; sourceTree = "<group>"; };
		846D864F23A022A90048502E /* LandroverUITests.xctest */ = {isa = PBXFileReference; explicitFileType = wrapper.cfbundle; includeInIndex = 0; path = LandroverUITests.xctest; sourceTree = BUILT_PRODUCTS_DIR; };
		846D865323A022A90048502E /* LandroverUITests.swift */ = {isa = PBXFileReference; lastKnownFileType = sourcecode.swift; path = LandroverUITests.swift; sourceTree = "<group>"; };
		846D865523A022A90048502E /* Info.plist */ = {isa = PBXFileReference; lastKnownFileType = text.plist.xml; path = Info.plist; sourceTree = "<group>"; };
		846D866123A026690048502E /* roverdb.json */ = {isa = PBXFileReference; lastKnownFileType = text.json; path = roverdb.json; sourceTree = "<group>"; };
		846D866323A027CE0048502E /* Data.swift */ = {isa = PBXFileReference; lastKnownFileType = sourcecode.swift; path = Data.swift; sourceTree = "<group>"; };
		84D79B1723A965C7001AD407 /* Rover.swift */ = {isa = PBXFileReference; lastKnownFileType = sourcecode.swift; path = Rover.swift; sourceTree = "<group>"; };
		84D79B1923A96ACD001AD407 /* Car.swift */ = {isa = PBXFileReference; lastKnownFileType = sourcecode.swift; path = Car.swift; sourceTree = "<group>"; };
/* End PBXFileReference section */

/* Begin PBXFrameworksBuildPhase section */
		846D862823A022A50048502E /* Frameworks */ = {
			isa = PBXFrameworksBuildPhase;
			buildActionMask = 2147483647;
			files = (
			);
			runOnlyForDeploymentPostprocessing = 0;
		};
		846D864123A022A90048502E /* Frameworks */ = {
			isa = PBXFrameworksBuildPhase;
			buildActionMask = 2147483647;
			files = (
			);
			runOnlyForDeploymentPostprocessing = 0;
		};
		846D864C23A022A90048502E /* Frameworks */ = {
			isa = PBXFrameworksBuildPhase;
			buildActionMask = 2147483647;
			files = (
			);
			runOnlyForDeploymentPostprocessing = 0;
		};
/* End PBXFrameworksBuildPhase section */

/* Begin PBXGroup section */
		846D862223A022A50048502E = {
			isa = PBXGroup;
			children = (
				846D862D23A022A50048502E /* Landrover */,
				846D864723A022A90048502E /* LandroverTests */,
				846D865223A022A90048502E /* LandroverUITests */,
				846D862C23A022A50048502E /* Products */,
			);
			sourceTree = "<group>";
		};
		846D862C23A022A50048502E /* Products */ = {
			isa = PBXGroup;
			children = (
				846D862B23A022A50048502E /* Landrover.app */,
				846D864423A022A90048502E /* LandroverTests.xctest */,
				846D864F23A022A90048502E /* LandroverUITests.xctest */,
			);
			name = Products;
			sourceTree = "<group>";
		};
		846D862D23A022A50048502E /* Landrover */ = {
			isa = PBXGroup;
			children = (
				846D862E23A022A50048502E /* AppDelegate.swift */,
				846D863023A022A50048502E /* SceneDelegate.swift */,
				846D863523A022A50048502E /* ContentView.swift */,
				84D79B1923A96ACD001AD407 /* Car.swift */,
				846D866323A027CE0048502E /* Data.swift */,
				84D79B1723A965C7001AD407 /* Rover.swift */,
				846D863723A022A90048502E /* Assets.xcassets */,
				846D863C23A022A90048502E /* LaunchScreen.storyboard */,
				846D863F23A022A90048502E /* Info.plist */,
				846D866123A026690048502E /* roverdb.json */,
				846D863223A022A50048502E /* Landrover.xcdatamodeld */,
				846D863923A022A90048502E /* Preview Content */,
			);
			path = Landrover;
			sourceTree = "<group>";
		};
		846D863923A022A90048502E /* Preview Content */ = {
			isa = PBXGroup;
			children = (
				846D863A23A022A90048502E /* Preview Assets.xcassets */,
			);
			path = "Preview Content";
			sourceTree = "<group>";
		};
		846D864723A022A90048502E /* LandroverTests */ = {
			isa = PBXGroup;
			children = (
				846D864823A022A90048502E /* LandroverTests.swift */,
				846D864A23A022A90048502E /* Info.plist */,
			);
			path = LandroverTests;
			sourceTree = "<group>";
		};
		846D865223A022A90048502E /* LandroverUITests */ = {
			isa = PBXGroup;
			children = (
				846D865323A022A90048502E /* LandroverUITests.swift */,
				846D865523A022A90048502E /* Info.plist */,
			);
			path = LandroverUITests;
			sourceTree = "<group>";
		};
/* End PBXGroup section */

/* Begin PBXNativeTarget section */
		846D862A23A022A50048502E /* Landrover */ = {
			isa = PBXNativeTarget;
			buildConfigurationList = 846D865823A022A90048502E /* Build configuration list for PBXNativeTarget "Landrover" */;
			buildPhases = (
				846D862723A022A50048502E /* Sources */,
				846D862823A022A50048502E /* Frameworks */,
				846D862923A022A50048502E /* Resources */,
			);
			buildRules = (
			);
			dependencies = (
			);
			name = Landrover;
			productName = Landrover;
			productReference = 846D862B23A022A50048502E /* Landrover.app */;
			productType = "com.apple.product-type.application";
		};
		846D864323A022A90048502E /* LandroverTests */ = {
			isa = PBXNativeTarget;
			buildConfigurationList = 846D865B23A022A90048502E /* Build configuration list for PBXNativeTarget "LandroverTests" */;
			buildPhases = (
				846D864023A022A90048502E /* Sources */,
				846D864123A022A90048502E /* Frameworks */,
				846D864223A022A90048502E /* Resources */,
			);
			buildRules = (
			);
			dependencies = (
				846D864623A022A90048502E /* PBXTargetDependency */,
			);
			name = LandroverTests;
			productName = LandroverTests;
			productReference = 846D864423A022A90048502E /* LandroverTests.xctest */;
			productType = "com.apple.product-type.bundle.unit-test";
		};
		846D864E23A022A90048502E /* LandroverUITests */ = {
			isa = PBXNativeTarget;
			buildConfigurationList = 846D865E23A022A90048502E /* Build configuration list for PBXNativeTarget "LandroverUITests" */;
			buildPhases = (
				846D864B23A022A90048502E /* Sources */,
				846D864C23A022A90048502E /* Frameworks */,
				846D864D23A022A90048502E /* Resources */,
			);
			buildRules = (
			);
			dependencies = (
				846D865123A022A90048502E /* PBXTargetDependency */,
			);
			name = LandroverUITests;
			productName = LandroverUITests;
			productReference = 846D864F23A022A90048502E /* LandroverUITests.xctest */;
			productType = "com.apple.product-type.bundle.ui-testing";
		};
/* End PBXNativeTarget section */

/* Begin PBXProject section */
		846D862323A022A50048502E /* Project object */ = {
			isa = PBXProject;
			attributes = {
				LastSwiftUpdateCheck = 1120;
				LastUpgradeCheck = 1120;
				ORGANIZATIONNAME = James;
				TargetAttributes = {
					846D862A23A022A50048502E = {
						CreatedOnToolsVersion = 11.2.1;
					};
					846D864323A022A90048502E = {
						CreatedOnToolsVersion = 11.2.1;
						TestTargetID = 846D862A23A022A50048502E;
					};
					846D864E23A022A90048502E = {
						CreatedOnToolsVersion = 11.2.1;
						TestTargetID = 846D862A23A022A50048502E;
					};
				};
			};
			buildConfigurationList = 846D862623A022A50048502E /* Build configuration list for PBXProject "Landrover" */;
			compatibilityVersion = "Xcode 9.3";
			developmentRegion = en;
			hasScannedForEncodings = 0;
			knownRegions = (
				en,
				Base,
			);
			mainGroup = 846D862223A022A50048502E;
			productRefGroup = 846D862C23A022A50048502E /* Products */;
			projectDirPath = "";
			projectRoot = "";
			targets = (
				846D862A23A022A50048502E /* Landrover */,
				846D864323A022A90048502E /* LandroverTests */,
				846D864E23A022A90048502E /* LandroverUITests */,
			);
		};
/* End PBXProject section */

/* Begin PBXResourcesBuildPhase section */
		846D862923A022A50048502E /* Resources */ = {
			isa = PBXResourcesBuildPhase;
			buildActionMask = 2147483647;
			files = (
				846D866223A026690048502E /* roverdb.json in Resources */,
				846D863E23A022A90048502E /* LaunchScreen.storyboard in Resources */,
				846D863B23A022A90048502E /* Preview Assets.xcassets in Resources */,
				846D863823A022A90048502E /* Assets.xcassets in Resources */,
			);
			runOnlyForDeploymentPostprocessing = 0;
		};
		846D864223A022A90048502E /* Resources */ = {
			isa = PBXResourcesBuildPhase;
			buildActionMask = 2147483647;
			files = (
			);
			runOnlyForDeploymentPostprocessing = 0;
		};
		846D864D23A022A90048502E /* Resources */ = {
			isa = PBXResourcesBuildPhase;
			buildActionMask = 2147483647;
			files = (
			);
			runOnlyForDeploymentPostprocessing = 0;
		};
/* End PBXResourcesBuildPhase section */

/* Begin PBXSourcesBuildPhase section */
		846D862723A022A50048502E /* Sources */ = {
			isa = PBXSourcesBuildPhase;
			buildActionMask = 2147483647;
			files = (
				846D862F23A022A50048502E /* AppDelegate.swift in Sources */,
				846D866423A027CE0048502E /* Data.swift in Sources */,
				846D863123A022A50048502E /* SceneDelegate.swift in Sources */,
				846D863623A022A50048502E /* ContentView.swift in Sources */,
				84D79B1823A965C7001AD407 /* Rover.swift in Sources */,
				84D79B1A23A96ACD001AD407 /* Car.swift in Sources */,
				846D863423A022A50048502E /* Landrover.xcdatamodeld in Sources */,
			);
			runOnlyForDeploymentPostprocessing = 0;
		};
		846D864023A022A90048502E /* Sources */ = {
			isa = PBXSourcesBuildPhase;
			buildActionMask = 2147483647;
			files = (
				846D864923A022A90048502E /* LandroverTests.swift in Sources */,
			);
			runOnlyForDeploymentPostprocessing = 0;
		};
		846D864B23A022A90048502E /* Sources */ = {
			isa = PBXSourcesBuildPhase;
			buildActionMask = 2147483647;
			files = (
				846D865423A022A90048502E /* LandroverUITests.swift in Sources */,
			);
			runOnlyForDeploymentPostprocessing = 0;
		};
/* End PBXSourcesBuildPhase section */

/* Begin PBXTargetDependency section */
		846D864623A022A90048502E /* PBXTargetDependency */ = {
			isa = PBXTargetDependency;
			target = 846D862A23A022A50048502E /* Landrover */;
			targetProxy = 846D864523A022A90048502E /* PBXContainerItemProxy */;
		};
		846D865123A022A90048502E /* PBXTargetDependency */ = {
			isa = PBXTargetDependency;
			target = 846D862A23A022A50048502E /* Landrover */;
			targetProxy = 846D865023A022A90048502E /* PBXContainerItemProxy */;
		};
/* End PBXTargetDependency section */

/* Begin PBXVariantGroup section */
		846D863C23A022A90048502E /* LaunchScreen.storyboard */ = {
			isa = PBXVariantGroup;
			children = (
				846D863D23A022A90048502E /* Base */,
			);
			name = LaunchScreen.storyboard;
			sourceTree = "<group>";
		};
/* End PBXVariantGroup section */

/* Begin XCBuildConfiguration section */
		846D865623A022A90048502E /* Debug */ = {
			isa = XCBuildConfiguration;
			buildSettings = {
				ALWAYS_SEARCH_USER_PATHS = NO;
				CLANG_ANALYZER_NONNULL = YES;
				CLANG_ANALYZER_NUMBER_OBJECT_CONVERSION = YES_AGGRESSIVE;
				CLANG_CXX_LANGUAGE_STANDARD = "gnu++14";
				CLANG_CXX_LIBRARY = "libc++";
				CLANG_ENABLE_MODULES = YES;
				CLANG_ENABLE_OBJC_ARC = YES;
				CLANG_ENABLE_OBJC_WEAK = YES;
				CLANG_WARN_BLOCK_CAPTURE_AUTORELEASING = YES;
				CLANG_WARN_BOOL_CONVERSION = YES;
				CLANG_WARN_COMMA = YES;
				CLANG_WARN_CONSTANT_CONVERSION = YES;
				CLANG_WARN_DEPRECATED_OBJC_IMPLEMENTATIONS = YES;
				CLANG_WARN_DIRECT_OBJC_ISA_USAGE = YES_ERROR;
				CLANG_WARN_DOCUMENTATION_COMMENTS = YES;
				CLANG_WARN_EMPTY_BODY = YES;
				CLANG_WARN_ENUM_CONVERSION = YES;
				CLANG_WARN_INFINITE_RECURSION = YES;
				CLANG_WARN_INT_CONVERSION = YES;
				CLANG_WARN_NON_LITERAL_NULL_CONVERSION = YES;
				CLANG_WARN_OBJC_IMPLICIT_RETAIN_SELF = YES;
				CLANG_WARN_OBJC_LITERAL_CONVERSION = YES;
				CLANG_WARN_OBJC_ROOT_CLASS = YES_ERROR;
				CLANG_WARN_RANGE_LOOP_ANALYSIS = YES;
				CLANG_WARN_STRICT_PROTOTYPES = YES;
				CLANG_WARN_SUSPICIOUS_MOVE = YES;
				CLANG_WARN_UNGUARDED_AVAILABILITY = YES_AGGRESSIVE;
				CLANG_WARN_UNREACHABLE_CODE = YES;
				CLANG_WARN__DUPLICATE_METHOD_MATCH = YES;
				COPY_PHASE_STRIP = NO;
				DEBUG_INFORMATION_FORMAT = dwarf;
				ENABLE_STRICT_OBJC_MSGSEND = YES;
				ENABLE_TESTABILITY = YES;
				GCC_C_LANGUAGE_STANDARD = gnu11;
				GCC_DYNAMIC_NO_PIC = NO;
				GCC_NO_COMMON_BLOCKS = YES;
				GCC_OPTIMIZATION_LEVEL = 0;
				GCC_PREPROCESSOR_DEFINITIONS = (
					"DEBUG=1",
					"$(inherited)",
				);
				GCC_WARN_64_TO_32_BIT_CONVERSION = YES;
				GCC_WARN_ABOUT_RETURN_TYPE = YES_ERROR;
				GCC_WARN_UNDECLARED_SELECTOR = YES;
				GCC_WARN_UNINITIALIZED_AUTOS = YES_AGGRESSIVE;
				GCC_WARN_UNUSED_FUNCTION = YES;
				GCC_WARN_UNUSED_VARIABLE = YES;
				IPHONEOS_DEPLOYMENT_TARGET = 13.2;
				MTL_ENABLE_DEBUG_INFO = INCLUDE_SOURCE;
				MTL_FAST_MATH = YES;
				ONLY_ACTIVE_ARCH = YES;
				SDKROOT = iphoneos;
				SWIFT_ACTIVE_COMPILATION_CONDITIONS = DEBUG;
				SWIFT_OPTIMIZATION_LEVEL = "-Onone";
			};
			name = Debug;
		};
		846D865723A022A90048502E /* Release */ = {
			isa = XCBuildConfiguration;
			buildSettings = {
				ALWAYS_SEARCH_USER_PATHS = NO;
				CLANG_ANALYZER_NONNULL = YES;
				CLANG_ANALYZER_NUMBER_OBJECT_CONVERSION = YES_AGGRESSIVE;
				CLANG_CXX_LANGUAGE_STANDARD = "gnu++14";
				CLANG_CXX_LIBRARY = "libc++";
				CLANG_ENABLE_MODULES = YES;
				CLANG_ENABLE_OBJC_ARC = YES;
				CLANG_ENABLE_OBJC_WEAK = YES;
				CLANG_WARN_BLOCK_CAPTURE_AUTORELEASING = YES;
				CLANG_WARN_BOOL_CONVERSION = YES;
				CLANG_WARN_COMMA = YES;
				CLANG_WARN_CONSTANT_CONVERSION = YES;
				CLANG_WARN_DEPRECATED_OBJC_IMPLEMENTATIONS = YES;
				CLANG_WARN_DIRECT_OBJC_ISA_USAGE = YES_ERROR;
				CLANG_WARN_DOCUMENTATION_COMMENTS = YES;
				CLANG_WARN_EMPTY_BODY = YES;
				CLANG_WARN_ENUM_CONVERSION = YES;
				CLANG_WARN_INFINITE_RECURSION = YES;
				CLANG_WARN_INT_CONVERSION = YES;
				CLANG_WARN_NON_LITERAL_NULL_CONVERSION = YES;
				CLANG_WARN_OBJC_IMPLICIT_RETAIN_SELF = YES;
				CLANG_WARN_OBJC_LITERAL_CONVERSION = YES;
				CLANG_WARN_OBJC_ROOT_CLASS = YES_ERROR;
				CLANG_WARN_RANGE_LOOP_ANALYSIS = YES;
				CLANG_WARN_STRICT_PROTOTYPES = YES;
				CLANG_WARN_SUSPICIOUS_MOVE = YES;
				CLANG_WARN_UNGUARDED_AVAILABILITY = YES_AGGRESSIVE;
				CLANG_WARN_UNREACHABLE_CODE = YES;
				CLANG_WARN__DUPLICATE_METHOD_MATCH = YES;
				COPY_PHASE_STRIP = NO;
				DEBUG_INFORMATION_FORMAT = "dwarf-with-dsym";
				ENABLE_NS_ASSERTIONS = NO;
				ENABLE_STRICT_OBJC_MSGSEND = YES;
				GCC_C_LANGUAGE_STANDARD = gnu11;
				GCC_NO_COMMON_BLOCKS = YES;
				GCC_WARN_64_TO_32_BIT_CONVERSION = YES;
				GCC_WARN_ABOUT_RETURN_TYPE = YES_ERROR;
				GCC_WARN_UNDECLARED_SELECTOR = YES;
				GCC_WARN_UNINITIALIZED_AUTOS = YES_AGGRESSIVE;
				GCC_WARN_UNUSED_FUNCTION = YES;
				GCC_WARN_UNUSED_VARIABLE = YES;
				IPHONEOS_DEPLOYMENT_TARGET = 13.2;
				MTL_ENABLE_DEBUG_INFO = NO;
				MTL_FAST_MATH = YES;
				SDKROOT = iphoneos;
				SWIFT_COMPILATION_MODE = wholemodule;
				SWIFT_OPTIMIZATION_LEVEL = "-O";
				VALIDATE_PRODUCT = YES;
			};
			name = Release;
		};
		846D865923A022A90048502E /* Debug */ = {
			isa = XCBuildConfiguration;
			buildSettings = {
				ASSETCATALOG_COMPILER_APPICON_NAME = AppIcon;
				CODE_SIGN_STYLE = Automatic;
				DEVELOPMENT_ASSET_PATHS = "\"Landrover/Preview Content\"";
				ENABLE_PREVIEWS = YES;
				INFOPLIST_FILE = Landrover/Info.plist;
				LD_RUNPATH_SEARCH_PATHS = (
					"$(inherited)",
					"@executable_path/Frameworks",
				);
				PRODUCT_BUNDLE_IDENTIFIER = beamie.Landrover;
				PRODUCT_NAME = "$(TARGET_NAME)";
				SWIFT_VERSION = 5.0;
				TARGETED_DEVICE_FAMILY = "1,2";
			};
			name = Debug;
		};
		846D865A23A022A90048502E /* Release */ = {
			isa = XCBuildConfiguration;
			buildSettings = {
				ASSETCATALOG_COMPILER_APPICON_NAME = AppIcon;
				CODE_SIGN_STYLE = Automatic;
				DEVELOPMENT_ASSET_PATHS = "\"Landrover/Preview Content\"";
				ENABLE_PREVIEWS = YES;
				INFOPLIST_FILE = Landrover/Info.plist;
				LD_RUNPATH_SEARCH_PATHS = (
					"$(inherited)",
					"@executable_path/Frameworks",
				);
				PRODUCT_BUNDLE_IDENTIFIER = beamie.Landrover;
				PRODUCT_NAME = "$(TARGET_NAME)";
				SWIFT_VERSION = 5.0;
				TARGETED_DEVICE_FAMILY = "1,2";
			};
			name = Release;
		};
		846D865C23A022A90048502E /* Debug */ = {
			isa = XCBuildConfiguration;
			buildSettings = {
				ALWAYS_EMBED_SWIFT_STANDARD_LIBRARIES = YES;
				BUNDLE_LOADER = "$(TEST_HOST)";
				CODE_SIGN_STYLE = Automatic;
				INFOPLIST_FILE = LandroverTests/Info.plist;
				IPHONEOS_DEPLOYMENT_TARGET = 13.2;
				LD_RUNPATH_SEARCH_PATHS = (
					"$(inherited)",
					"@executable_path/Frameworks",
					"@loader_path/Frameworks",
				);
				PRODUCT_BUNDLE_IDENTIFIER = beamie.LandroverTests;
				PRODUCT_NAME = "$(TARGET_NAME)";
				SWIFT_VERSION = 5.0;
				TARGETED_DEVICE_FAMILY = "1,2";
				TEST_HOST = "$(BUILT_PRODUCTS_DIR)/Landrover.app/Landrover";
			};
			name = Debug;
		};
		846D865D23A022A90048502E /* Release */ = {
			isa = XCBuildConfiguration;
			buildSettings = {
				ALWAYS_EMBED_SWIFT_STANDARD_LIBRARIES = YES;
				BUNDLE_LOADER = "$(TEST_HOST)";
				CODE_SIGN_STYLE = Automatic;
				INFOPLIST_FILE = LandroverTests/Info.plist;
				IPHONEOS_DEPLOYMENT_TARGET = 13.2;
				LD_RUNPATH_SEARCH_PATHS = (
					"$(inherited)",
					"@executable_path/Frameworks",
					"@loader_path/Frameworks",
				);
				PRODUCT_BUNDLE_IDENTIFIER = beamie.LandroverTests;
				PRODUCT_NAME = "$(TARGET_NAME)";
				SWIFT_VERSION = 5.0;
				TARGETED_DEVICE_FAMILY = "1,2";
				TEST_HOST = "$(BUILT_PRODUCTS_DIR)/Landrover.app/Landrover";
			};
			name = Release;
		};
		846D865F23A022A90048502E /* Debug */ = {
			isa = XCBuildConfiguration;
			buildSettings = {
				ALWAYS_EMBED_SWIFT_STANDARD_LIBRARIES = YES;
				CODE_SIGN_STYLE = Automatic;
				INFOPLIST_FILE = LandroverUITests/Info.plist;
				LD_RUNPATH_SEARCH_PATHS = (
					"$(inherited)",
					"@executable_path/Frameworks",
					"@loader_path/Frameworks",
				);
				PRODUCT_BUNDLE_IDENTIFIER = beamie.LandroverUITests;
				PRODUCT_NAME = "$(TARGET_NAME)";
				SWIFT_VERSION = 5.0;
				TARGETED_DEVICE_FAMILY = "1,2";
				TEST_TARGET_NAME = Landrover;
			};
			name = Debug;
		};
		846D866023A022A90048502E /* Release */ = {
			isa = XCBuildConfiguration;
			buildSettings = {
				ALWAYS_EMBED_SWIFT_STANDARD_LIBRARIES = YES;
				CODE_SIGN_STYLE = Automatic;
				INFOPLIST_FILE = LandroverUITests/Info.plist;
				LD_RUNPATH_SEARCH_PATHS = (
					"$(inherited)",
					"@executable_path/Frameworks",
					"@loader_path/Frameworks",
				);
				PRODUCT_BUNDLE_IDENTIFIER = beamie.LandroverUITests;
				PRODUCT_NAME = "$(TARGET_NAME)";
				SWIFT_VERSION = 5.0;
				TARGETED_DEVICE_FAMILY = "1,2";
				TEST_TARGET_NAME = Landrover;
			};
			name = Release;
		};
/* End XCBuildConfiguration section */

/* Begin XCConfigurationList section */
		846D862623A022A50048502E /* Build configuration list for PBXProject "Landrover" */ = {
			isa = XCConfigurationList;
			buildConfigurations = (
				846D865623A022A90048502E /* Debug */,
				846D865723A022A90048502E /* Release */,
			);
			defaultConfigurationIsVisible = 0;
			defaultConfigurationName = Release;
		};
		846D865823A022A90048502E /* Build configuration list for PBXNativeTarget "Landrover" */ = {
			isa = XCConfigurationList;
			buildConfigurations = (
				846D865923A022A90048502E /* Debug */,
				846D865A23A022A90048502E /* Release */,
			);
			defaultConfigurationIsVisible = 0;
			defaultConfigurationName = Release;
		};
		846D865B23A022A90048502E /* Build configuration list for PBXNativeTarget "LandroverTests" */ = {
			isa = XCConfigurationList;
			buildConfigurations = (
				846D865C23A022A90048502E /* Debug */,
				846D865D23A022A90048502E /* Release */,
			);
			defaultConfigurationIsVisible = 0;
			defaultConfigurationName = Release;
		};
		846D865E23A022A90048502E /* Build configuration list for PBXNativeTarget "LandroverUITests" */ = {
			isa = XCConfigurationList;
			buildConfigurations = (
				846D865F23A022A90048502E /* Debug */,
				846D866023A022A90048502E /* Release */,
			);
			defaultConfigurationIsVisible = 0;
			defaultConfigurationName = Release;
		};
/* End XCConfigurationList section */

/* Begin XCVersionGroup section */
		846D863223A022A50048502E /* Landrover.xcdatamodeld */ = {
			isa = XCVersionGroup;
			children = (
				846D863323A022A50048502E /* Landrover.xcdatamodel */,
			);
			currentVersion = 846D863323A022A50048502E /* Landrover.xcdatamodel */;
			path = Landrover.xcdatamodeld;
			sourceTree = "<group>";
			versionGroupType = wrapper.xcdatamodel;
		};
/* End XCVersionGroup section */
	};
	rootObject = 846D862323A022A50048502E /* Project object */;
}
